
Microsoft Visual Studio Solution File, Format Version 12.00
# Visual Studio Version 17
VisualStudioVersion = 17.3.32804.467
MinimumVisualStudioVersion = 10.0.40219.1
Project("{2150E333-8FDC-42A3-9474-1A3956D46DE8}") = "src", "src", "{F72F2C37-D91C-4D29-AAA2-9A5708E38448}"
EndProject
Project("{9A19103F-16F7-4668-BE54-9A1E7A4F7556}") = "GestioneSagre.Web.Server", "src\GestioneSagre.Web.Server\GestioneSagre.Web.Server.csproj", "{A5A3C2D0-3972-495C-9309-54BC59E4E98A}"
EndProject
Project("{9A19103F-16F7-4668-BE54-9A1E7A4F7556}") = "GestioneSagre.Core", "src\GestioneSagre.Core\GestioneSagre.Core.csproj", "{6B12B3C6-A1DA-4A75-8756-F6CD3D1B55BE}"
EndProject
Project("{9A19103F-16F7-4668-BE54-9A1E7A4F7556}") = "GestioneSagre.Models", "src\GestioneSagre.Models\GestioneSagre.Models.csproj", "{AE7BA224-57AB-47A3-A522-1015D5A25C7E}"
EndProject
Project("{9A19103F-16F7-4668-BE54-9A1E7A4F7556}") = "GestioneSagre.Domain", "src\GestioneSagre.Domain\GestioneSagre.Domain.csproj", "{F01D73FF-9070-469A-8A8C-DA084BBF9F6E}"
EndProject
Project("{2150E333-8FDC-42A3-9474-1A3956D46DE8}") = "Extensions", "Extensions", "{8EBE5F00-6E8E-48F6-8BF4-2F01FC2D65C2}"
EndProject
Project("{9A19103F-16F7-4668-BE54-9A1E7A4F7556}") = "GestioneSagre.ViewExtensions", "src\Extensions\GestioneSagre.ViewExtensions\GestioneSagre.ViewExtensions.csproj", "{8EC7F600-7DB5-4D2E-A327-E853C69028C4}"
EndProject
Project("{2150E333-8FDC-42A3-9474-1A3956D46DE8}") = "QueryStack", "QueryStack", "{928D329A-6382-4170-8D43-3908195B971B}"
EndProject
Project("{9A19103F-16F7-4668-BE54-9A1E7A4F7556}") = "GestioneSagre.Versioni.QueryStack", "src\QueryStack\GestioneSagre.Versioni.QueryStack\GestioneSagre.Versioni.QueryStack.csproj", "{67F50571-D589-4927-842A-AAFDF27242B4}"
EndProject
Project("{2150E333-8FDC-42A3-9474-1A3956D46DE8}") = "CommandStack", "CommandStack", "{14BE7AE4-655A-4E53-8F69-E63BC995AB0A}"
EndProject
Project("{9A19103F-16F7-4668-BE54-9A1E7A4F7556}") = "GestioneSagre.Versioni.CommandStack", "src\CommandStack\GestioneSagre.Versioni.CommandStack\GestioneSagre.Versioni.CommandStack.csproj", "{422D9E6D-A74E-4FF2-844E-B213EC3033A9}"
EndProject
Project("{2150E333-8FDC-42A3-9474-1A3956D46DE8}") = "Validators", "Validators", "{A7B78B5D-9BA9-4EE2-9E74-C38A07519F85}"
EndProject
Project("{9A19103F-16F7-4668-BE54-9A1E7A4F7556}") = "GestioneSagre.Versioni.Validators", "src\Validators\GestioneSagre.Versioni.Validators\GestioneSagre.Versioni.Validators.csproj", "{0BD4FF4C-208F-4408-93F1-7C1E53084848}"
EndProject
Project("{9A19103F-16F7-4668-BE54-9A1E7A4F7556}") = "GestioneSagre.Internal.Validators", "src\Validators\GestioneSagre.Internal.Validators\GestioneSagre.Internal.Validators.csproj", "{6E8981D9-4183-4817-8956-41C6C4214940}"
EndProject
Project("{9A19103F-16F7-4668-BE54-9A1E7A4F7556}") = "GestioneSagre.Internal.QueryStack", "src\QueryStack\GestioneSagre.Internal.QueryStack\GestioneSagre.Internal.QueryStack.csproj", "{3C6DC8C4-FBC5-47A2-BCB3-374A3642DFC1}"
EndProject
Project("{9A19103F-16F7-4668-BE54-9A1E7A4F7556}") = "GestioneSagre.Categorie.CommandStack", "src\CommandStack\GestioneSagre.Categorie.CommandStack\GestioneSagre.Categorie.CommandStack.csproj", "{D6C810E4-3496-4C1A-B828-DCC30C7ED739}"
EndProject
Project("{9A19103F-16F7-4668-BE54-9A1E7A4F7556}") = "GestioneSagre.Categorie.QueryStack", "src\QueryStack\GestioneSagre.Categorie.QueryStack\GestioneSagre.Categorie.QueryStack.csproj", "{F9C63F52-8B28-4135-935F-A001605E446F}"
EndProject
Project("{9A19103F-16F7-4668-BE54-9A1E7A4F7556}") = "GestioneSagre.Categorie.Validators", "src\Validators\GestioneSagre.Categorie.Validators\GestioneSagre.Categorie.Validators.csproj", "{291B8DDF-5424-418E-9752-04628A2816B0}"
EndProject
Project("{9A19103F-16F7-4668-BE54-9A1E7A4F7556}") = "GestioneSagre.Extensions", "src\Extensions\GestioneSagre.Extensions\GestioneSagre.Extensions.csproj", "{B5DA6256-C193-4EC7-BA91-140AC8D48BAA}"
EndProject
Project("{2150E333-8FDC-42A3-9474-1A3956D46DE8}") = "Elementi di soluzione", "Elementi di soluzione", "{37EB8E73-5A5D-442A-900F-EF73F06916CD}"
	ProjectSection(SolutionItems) = preProject
		.editorconfig = .editorconfig
		README.md = README.md
		structure-project.txt = structure-project.txt
	EndProjectSection
EndProject
Project("{9A19103F-16F7-4668-BE54-9A1E7A4F7556}") = "GestioneSagre.Feste.CommandStack", "src\CommandStack\GestioneSagre.Feste.CommandStack\GestioneSagre.Feste.CommandStack.csproj", "{F73ECA63-30C1-4BE2-9B9D-9CA1E1115CD6}"
EndProject
Project("{9A19103F-16F7-4668-BE54-9A1E7A4F7556}") = "GestioneSagre.Feste.Validators", "src\Validators\GestioneSagre.Feste.Validators\GestioneSagre.Feste.Validators.csproj", "{C14A9D0E-CFDD-43A9-8739-0B9B009264B0}"
EndProject
Project("{9A19103F-16F7-4668-BE54-9A1E7A4F7556}") = "GestioneSagre.Feste.QueryStack", "src\QueryStack\GestioneSagre.Feste.QueryStack\GestioneSagre.Feste.QueryStack.csproj", "{913EBE31-2D19-48F3-8476-C717C842CBBB}"
EndProject
Project("{9A19103F-16F7-4668-BE54-9A1E7A4F7556}") = "GestioneSagre.WorkerServices", "src\GestioneSagre.WorkerServices\GestioneSagre.WorkerServices.csproj", "{EEA1A516-C4C1-47AC-8DCE-DB6C601FB2AD}"
EndProject
Project("{9A19103F-16F7-4668-BE54-9A1E7A4F7556}") = "GestioneSagre.Web.InternalApi", "src\GestioneSagre.Web.InternalApi\GestioneSagre.Web.InternalApi.csproj", "{06344C74-378A-4A9D-B91D-3F5F2426AE45}"
EndProject
Project("{9A19103F-16F7-4668-BE54-9A1E7A4F7556}") = "GestioneSagre.Prodotti.Validators", "src\Validators\GestioneSagre.Prodotti.Validators\GestioneSagre.Prodotti.Validators.csproj", "{6F7909A7-A205-44FB-AC60-F2EC098CB1AD}"
EndProject
Global
	GlobalSection(SolutionConfigurationPlatforms) = preSolution
		Debug|Any CPU = Debug|Any CPU
		Debug|x64 = Debug|x64
		Debug|x86 = Debug|x86
		Release|Any CPU = Release|Any CPU
		Release|x64 = Release|x64
		Release|x86 = Release|x86
	EndGlobalSection
	GlobalSection(ProjectConfigurationPlatforms) = postSolution
		{A5A3C2D0-3972-495C-9309-54BC59E4E98A}.Debug|Any CPU.ActiveCfg = Debug|Any CPU
		{A5A3C2D0-3972-495C-9309-54BC59E4E98A}.Debug|Any CPU.Build.0 = Debug|Any CPU
		{A5A3C2D0-3972-495C-9309-54BC59E4E98A}.Debug|x64.ActiveCfg = Debug|Any CPU
		{A5A3C2D0-3972-495C-9309-54BC59E4E98A}.Debug|x64.Build.0 = Debug|Any CPU
		{A5A3C2D0-3972-495C-9309-54BC59E4E98A}.Debug|x86.ActiveCfg = Debug|Any CPU
		{A5A3C2D0-3972-495C-9309-54BC59E4E98A}.Debug|x86.Build.0 = Debug|Any CPU
		{A5A3C2D0-3972-495C-9309-54BC59E4E98A}.Release|Any CPU.ActiveCfg = Release|Any CPU
		{A5A3C2D0-3972-495C-9309-54BC59E4E98A}.Release|Any CPU.Build.0 = Release|Any CPU
		{A5A3C2D0-3972-495C-9309-54BC59E4E98A}.Release|x64.ActiveCfg = Release|Any CPU
		{A5A3C2D0-3972-495C-9309-54BC59E4E98A}.Release|x64.Build.0 = Release|Any CPU
		{A5A3C2D0-3972-495C-9309-54BC59E4E98A}.Release|x86.ActiveCfg = Release|Any CPU
		{A5A3C2D0-3972-495C-9309-54BC59E4E98A}.Release|x86.Build.0 = Release|Any CPU
		{6B12B3C6-A1DA-4A75-8756-F6CD3D1B55BE}.Debug|Any CPU.ActiveCfg = Debug|Any CPU
		{6B12B3C6-A1DA-4A75-8756-F6CD3D1B55BE}.Debug|Any CPU.Build.0 = Debug|Any CPU
		{6B12B3C6-A1DA-4A75-8756-F6CD3D1B55BE}.Debug|x64.ActiveCfg = Debug|Any CPU
		{6B12B3C6-A1DA-4A75-8756-F6CD3D1B55BE}.Debug|x64.Build.0 = Debug|Any CPU
		{6B12B3C6-A1DA-4A75-8756-F6CD3D1B55BE}.Debug|x86.ActiveCfg = Debug|Any CPU
		{6B12B3C6-A1DA-4A75-8756-F6CD3D1B55BE}.Debug|x86.Build.0 = Debug|Any CPU
		{6B12B3C6-A1DA-4A75-8756-F6CD3D1B55BE}.Release|Any CPU.ActiveCfg = Release|Any CPU
		{6B12B3C6-A1DA-4A75-8756-F6CD3D1B55BE}.Release|Any CPU.Build.0 = Release|Any CPU
		{6B12B3C6-A1DA-4A75-8756-F6CD3D1B55BE}.Release|x64.ActiveCfg = Release|Any CPU
		{6B12B3C6-A1DA-4A75-8756-F6CD3D1B55BE}.Release|x64.Build.0 = Release|Any CPU
		{6B12B3C6-A1DA-4A75-8756-F6CD3D1B55BE}.Release|x86.ActiveCfg = Release|Any CPU
		{6B12B3C6-A1DA-4A75-8756-F6CD3D1B55BE}.Release|x86.Build.0 = Release|Any CPU
		{AE7BA224-57AB-47A3-A522-1015D5A25C7E}.Debug|Any CPU.ActiveCfg = Debug|Any CPU
		{AE7BA224-57AB-47A3-A522-1015D5A25C7E}.Debug|Any CPU.Build.0 = Debug|Any CPU
		{AE7BA224-57AB-47A3-A522-1015D5A25C7E}.Debug|x64.ActiveCfg = Debug|Any CPU
		{AE7BA224-57AB-47A3-A522-1015D5A25C7E}.Debug|x64.Build.0 = Debug|Any CPU
		{AE7BA224-57AB-47A3-A522-1015D5A25C7E}.Debug|x86.ActiveCfg = Debug|Any CPU
		{AE7BA224-57AB-47A3-A522-1015D5A25C7E}.Debug|x86.Build.0 = Debug|Any CPU
		{AE7BA224-57AB-47A3-A522-1015D5A25C7E}.Release|Any CPU.ActiveCfg = Release|Any CPU
		{AE7BA224-57AB-47A3-A522-1015D5A25C7E}.Release|Any CPU.Build.0 = Release|Any CPU
		{AE7BA224-57AB-47A3-A522-1015D5A25C7E}.Release|x64.ActiveCfg = Release|Any CPU
		{AE7BA224-57AB-47A3-A522-1015D5A25C7E}.Release|x64.Build.0 = Release|Any CPU
		{AE7BA224-57AB-47A3-A522-1015D5A25C7E}.Release|x86.ActiveCfg = Release|Any CPU
		{AE7BA224-57AB-47A3-A522-1015D5A25C7E}.Release|x86.Build.0 = Release|Any CPU
		{F01D73FF-9070-469A-8A8C-DA084BBF9F6E}.Debug|Any CPU.ActiveCfg = Debug|Any CPU
		{F01D73FF-9070-469A-8A8C-DA084BBF9F6E}.Debug|Any CPU.Build.0 = Debug|Any CPU
		{F01D73FF-9070-469A-8A8C-DA084BBF9F6E}.Debug|x64.ActiveCfg = Debug|Any CPU
		{F01D73FF-9070-469A-8A8C-DA084BBF9F6E}.Debug|x64.Build.0 = Debug|Any CPU
		{F01D73FF-9070-469A-8A8C-DA084BBF9F6E}.Debug|x86.ActiveCfg = Debug|Any CPU
		{F01D73FF-9070-469A-8A8C-DA084BBF9F6E}.Debug|x86.Build.0 = Debug|Any CPU
		{F01D73FF-9070-469A-8A8C-DA084BBF9F6E}.Release|Any CPU.ActiveCfg = Release|Any CPU
		{F01D73FF-9070-469A-8A8C-DA084BBF9F6E}.Release|Any CPU.Build.0 = Release|Any CPU
		{F01D73FF-9070-469A-8A8C-DA084BBF9F6E}.Release|x64.ActiveCfg = Release|Any CPU
		{F01D73FF-9070-469A-8A8C-DA084BBF9F6E}.Release|x64.Build.0 = Release|Any CPU
		{F01D73FF-9070-469A-8A8C-DA084BBF9F6E}.Release|x86.ActiveCfg = Release|Any CPU
		{F01D73FF-9070-469A-8A8C-DA084BBF9F6E}.Release|x86.Build.0 = Release|Any CPU
		{8EC7F600-7DB5-4D2E-A327-E853C69028C4}.Debug|Any CPU.ActiveCfg = Debug|Any CPU
		{8EC7F600-7DB5-4D2E-A327-E853C69028C4}.Debug|Any CPU.Build.0 = Debug|Any CPU
		{8EC7F600-7DB5-4D2E-A327-E853C69028C4}.Debug|x64.ActiveCfg = Debug|Any CPU
		{8EC7F600-7DB5-4D2E-A327-E853C69028C4}.Debug|x64.Build.0 = Debug|Any CPU
		{8EC7F600-7DB5-4D2E-A327-E853C69028C4}.Debug|x86.ActiveCfg = Debug|Any CPU
		{8EC7F600-7DB5-4D2E-A327-E853C69028C4}.Debug|x86.Build.0 = Debug|Any CPU
		{8EC7F600-7DB5-4D2E-A327-E853C69028C4}.Release|Any CPU.ActiveCfg = Release|Any CPU
		{8EC7F600-7DB5-4D2E-A327-E853C69028C4}.Release|Any CPU.Build.0 = Release|Any CPU
		{8EC7F600-7DB5-4D2E-A327-E853C69028C4}.Release|x64.ActiveCfg = Release|Any CPU
		{8EC7F600-7DB5-4D2E-A327-E853C69028C4}.Release|x64.Build.0 = Release|Any CPU
		{8EC7F600-7DB5-4D2E-A327-E853C69028C4}.Release|x86.ActiveCfg = Release|Any CPU
		{8EC7F600-7DB5-4D2E-A327-E853C69028C4}.Release|x86.Build.0 = Release|Any CPU
		{67F50571-D589-4927-842A-AAFDF27242B4}.Debug|Any CPU.ActiveCfg = Debug|Any CPU
		{67F50571-D589-4927-842A-AAFDF27242B4}.Debug|Any CPU.Build.0 = Debug|Any CPU
		{67F50571-D589-4927-842A-AAFDF27242B4}.Debug|x64.ActiveCfg = Debug|Any CPU
		{67F50571-D589-4927-842A-AAFDF27242B4}.Debug|x64.Build.0 = Debug|Any CPU
		{67F50571-D589-4927-842A-AAFDF27242B4}.Debug|x86.ActiveCfg = Debug|Any CPU
		{67F50571-D589-4927-842A-AAFDF27242B4}.Debug|x86.Build.0 = Debug|Any CPU
		{67F50571-D589-4927-842A-AAFDF27242B4}.Release|Any CPU.ActiveCfg = Release|Any CPU
		{67F50571-D589-4927-842A-AAFDF27242B4}.Release|Any CPU.Build.0 = Release|Any CPU
		{67F50571-D589-4927-842A-AAFDF27242B4}.Release|x64.ActiveCfg = Release|Any CPU
		{67F50571-D589-4927-842A-AAFDF27242B4}.Release|x64.Build.0 = Release|Any CPU
		{67F50571-D589-4927-842A-AAFDF27242B4}.Release|x86.ActiveCfg = Release|Any CPU
		{67F50571-D589-4927-842A-AAFDF27242B4}.Release|x86.Build.0 = Release|Any CPU
		{422D9E6D-A74E-4FF2-844E-B213EC3033A9}.Debug|Any CPU.ActiveCfg = Debug|Any CPU
		{422D9E6D-A74E-4FF2-844E-B213EC3033A9}.Debug|Any CPU.Build.0 = Debug|Any CPU
		{422D9E6D-A74E-4FF2-844E-B213EC3033A9}.Debug|x64.ActiveCfg = Debug|Any CPU
		{422D9E6D-A74E-4FF2-844E-B213EC3033A9}.Debug|x64.Build.0 = Debug|Any CPU
		{422D9E6D-A74E-4FF2-844E-B213EC3033A9}.Debug|x86.ActiveCfg = Debug|Any CPU
		{422D9E6D-A74E-4FF2-844E-B213EC3033A9}.Debug|x86.Build.0 = Debug|Any CPU
		{422D9E6D-A74E-4FF2-844E-B213EC3033A9}.Release|Any CPU.ActiveCfg = Release|Any CPU
		{422D9E6D-A74E-4FF2-844E-B213EC3033A9}.Release|Any CPU.Build.0 = Release|Any CPU
		{422D9E6D-A74E-4FF2-844E-B213EC3033A9}.Release|x64.ActiveCfg = Release|Any CPU
		{422D9E6D-A74E-4FF2-844E-B213EC3033A9}.Release|x64.Build.0 = Release|Any CPU
		{422D9E6D-A74E-4FF2-844E-B213EC3033A9}.Release|x86.ActiveCfg = Release|Any CPU
		{422D9E6D-A74E-4FF2-844E-B213EC3033A9}.Release|x86.Build.0 = Release|Any CPU
		{0BD4FF4C-208F-4408-93F1-7C1E53084848}.Debug|Any CPU.ActiveCfg = Debug|Any CPU
		{0BD4FF4C-208F-4408-93F1-7C1E53084848}.Debug|Any CPU.Build.0 = Debug|Any CPU
		{0BD4FF4C-208F-4408-93F1-7C1E53084848}.Debug|x64.ActiveCfg = Debug|Any CPU
		{0BD4FF4C-208F-4408-93F1-7C1E53084848}.Debug|x64.Build.0 = Debug|Any CPU
		{0BD4FF4C-208F-4408-93F1-7C1E53084848}.Debug|x86.ActiveCfg = Debug|Any CPU
		{0BD4FF4C-208F-4408-93F1-7C1E53084848}.Debug|x86.Build.0 = Debug|Any CPU
		{0BD4FF4C-208F-4408-93F1-7C1E53084848}.Release|Any CPU.ActiveCfg = Release|Any CPU
		{0BD4FF4C-208F-4408-93F1-7C1E53084848}.Release|Any CPU.Build.0 = Release|Any CPU
		{0BD4FF4C-208F-4408-93F1-7C1E53084848}.Release|x64.ActiveCfg = Release|Any CPU
		{0BD4FF4C-208F-4408-93F1-7C1E53084848}.Release|x64.Build.0 = Release|Any CPU
		{0BD4FF4C-208F-4408-93F1-7C1E53084848}.Release|x86.ActiveCfg = Release|Any CPU
		{0BD4FF4C-208F-4408-93F1-7C1E53084848}.Release|x86.Build.0 = Release|Any CPU
		{6E8981D9-4183-4817-8956-41C6C4214940}.Debug|Any CPU.ActiveCfg = Debug|Any CPU
		{6E8981D9-4183-4817-8956-41C6C4214940}.Debug|Any CPU.Build.0 = Debug|Any CPU
		{6E8981D9-4183-4817-8956-41C6C4214940}.Debug|x64.ActiveCfg = Debug|Any CPU
		{6E8981D9-4183-4817-8956-41C6C4214940}.Debug|x64.Build.0 = Debug|Any CPU
		{6E8981D9-4183-4817-8956-41C6C4214940}.Debug|x86.ActiveCfg = Debug|Any CPU
		{6E8981D9-4183-4817-8956-41C6C4214940}.Debug|x86.Build.0 = Debug|Any CPU
		{6E8981D9-4183-4817-8956-41C6C4214940}.Release|Any CPU.ActiveCfg = Release|Any CPU
		{6E8981D9-4183-4817-8956-41C6C4214940}.Release|Any CPU.Build.0 = Release|Any CPU
		{6E8981D9-4183-4817-8956-41C6C4214940}.Release|x64.ActiveCfg = Release|Any CPU
		{6E8981D9-4183-4817-8956-41C6C4214940}.Release|x64.Build.0 = Release|Any CPU
		{6E8981D9-4183-4817-8956-41C6C4214940}.Release|x86.ActiveCfg = Release|Any CPU
		{6E8981D9-4183-4817-8956-41C6C4214940}.Release|x86.Build.0 = Release|Any CPU
		{3C6DC8C4-FBC5-47A2-BCB3-374A3642DFC1}.Debug|Any CPU.ActiveCfg = Debug|Any CPU
		{3C6DC8C4-FBC5-47A2-BCB3-374A3642DFC1}.Debug|Any CPU.Build.0 = Debug|Any CPU
		{3C6DC8C4-FBC5-47A2-BCB3-374A3642DFC1}.Debug|x64.ActiveCfg = Debug|Any CPU
		{3C6DC8C4-FBC5-47A2-BCB3-374A3642DFC1}.Debug|x64.Build.0 = Debug|Any CPU
		{3C6DC8C4-FBC5-47A2-BCB3-374A3642DFC1}.Debug|x86.ActiveCfg = Debug|Any CPU
		{3C6DC8C4-FBC5-47A2-BCB3-374A3642DFC1}.Debug|x86.Build.0 = Debug|Any CPU
		{3C6DC8C4-FBC5-47A2-BCB3-374A3642DFC1}.Release|Any CPU.ActiveCfg = Release|Any CPU
		{3C6DC8C4-FBC5-47A2-BCB3-374A3642DFC1}.Release|Any CPU.Build.0 = Release|Any CPU
		{3C6DC8C4-FBC5-47A2-BCB3-374A3642DFC1}.Release|x64.ActiveCfg = Release|Any CPU
		{3C6DC8C4-FBC5-47A2-BCB3-374A3642DFC1}.Release|x64.Build.0 = Release|Any CPU
		{3C6DC8C4-FBC5-47A2-BCB3-374A3642DFC1}.Release|x86.ActiveCfg = Release|Any CPU
		{3C6DC8C4-FBC5-47A2-BCB3-374A3642DFC1}.Release|x86.Build.0 = Release|Any CPU
		{D6C810E4-3496-4C1A-B828-DCC30C7ED739}.Debug|Any CPU.ActiveCfg = Debug|Any CPU
		{D6C810E4-3496-4C1A-B828-DCC30C7ED739}.Debug|Any CPU.Build.0 = Debug|Any CPU
		{D6C810E4-3496-4C1A-B828-DCC30C7ED739}.Debug|x64.ActiveCfg = Debug|Any CPU
		{D6C810E4-3496-4C1A-B828-DCC30C7ED739}.Debug|x64.Build.0 = Debug|Any CPU
		{D6C810E4-3496-4C1A-B828-DCC30C7ED739}.Debug|x86.ActiveCfg = Debug|Any CPU
		{D6C810E4-3496-4C1A-B828-DCC30C7ED739}.Debug|x86.Build.0 = Debug|Any CPU
		{D6C810E4-3496-4C1A-B828-DCC30C7ED739}.Release|Any CPU.ActiveCfg = Release|Any CPU
		{D6C810E4-3496-4C1A-B828-DCC30C7ED739}.Release|Any CPU.Build.0 = Release|Any CPU
		{D6C810E4-3496-4C1A-B828-DCC30C7ED739}.Release|x64.ActiveCfg = Release|Any CPU
		{D6C810E4-3496-4C1A-B828-DCC30C7ED739}.Release|x64.Build.0 = Release|Any CPU
		{D6C810E4-3496-4C1A-B828-DCC30C7ED739}.Release|x86.ActiveCfg = Release|Any CPU
		{D6C810E4-3496-4C1A-B828-DCC30C7ED739}.Release|x86.Build.0 = Release|Any CPU
		{F9C63F52-8B28-4135-935F-A001605E446F}.Debug|Any CPU.ActiveCfg = Debug|Any CPU
		{F9C63F52-8B28-4135-935F-A001605E446F}.Debug|Any CPU.Build.0 = Debug|Any CPU
		{F9C63F52-8B28-4135-935F-A001605E446F}.Debug|x64.ActiveCfg = Debug|Any CPU
		{F9C63F52-8B28-4135-935F-A001605E446F}.Debug|x64.Build.0 = Debug|Any CPU
		{F9C63F52-8B28-4135-935F-A001605E446F}.Debug|x86.ActiveCfg = Debug|Any CPU
		{F9C63F52-8B28-4135-935F-A001605E446F}.Debug|x86.Build.0 = Debug|Any CPU
		{F9C63F52-8B28-4135-935F-A001605E446F}.Release|Any CPU.ActiveCfg = Release|Any CPU
		{F9C63F52-8B28-4135-935F-A001605E446F}.Release|Any CPU.Build.0 = Release|Any CPU
		{F9C63F52-8B28-4135-935F-A001605E446F}.Release|x64.ActiveCfg = Release|Any CPU
		{F9C63F52-8B28-4135-935F-A001605E446F}.Release|x64.Build.0 = Release|Any CPU
		{F9C63F52-8B28-4135-935F-A001605E446F}.Release|x86.ActiveCfg = Release|Any CPU
		{F9C63F52-8B28-4135-935F-A001605E446F}.Release|x86.Build.0 = Release|Any CPU
		{291B8DDF-5424-418E-9752-04628A2816B0}.Debug|Any CPU.ActiveCfg = Debug|Any CPU
		{291B8DDF-5424-418E-9752-04628A2816B0}.Debug|Any CPU.Build.0 = Debug|Any CPU
		{291B8DDF-5424-418E-9752-04628A2816B0}.Debug|x64.ActiveCfg = Debug|Any CPU
		{291B8DDF-5424-418E-9752-04628A2816B0}.Debug|x64.Build.0 = Debug|Any CPU
		{291B8DDF-5424-418E-9752-04628A2816B0}.Debug|x86.ActiveCfg = Debug|Any CPU
		{291B8DDF-5424-418E-9752-04628A2816B0}.Debug|x86.Build.0 = Debug|Any CPU
		{291B8DDF-5424-418E-9752-04628A2816B0}.Release|Any CPU.ActiveCfg = Release|Any CPU
		{291B8DDF-5424-418E-9752-04628A2816B0}.Release|Any CPU.Build.0 = Release|Any CPU
		{291B8DDF-5424-418E-9752-04628A2816B0}.Release|x64.ActiveCfg = Release|Any CPU
		{291B8DDF-5424-418E-9752-04628A2816B0}.Release|x64.Build.0 = Release|Any CPU
		{291B8DDF-5424-418E-9752-04628A2816B0}.Release|x86.ActiveCfg = Release|Any CPU
		{291B8DDF-5424-418E-9752-04628A2816B0}.Release|x86.Build.0 = Release|Any CPU
		{B5DA6256-C193-4EC7-BA91-140AC8D48BAA}.Debug|Any CPU.ActiveCfg = Debug|Any CPU
		{B5DA6256-C193-4EC7-BA91-140AC8D48BAA}.Debug|Any CPU.Build.0 = Debug|Any CPU
		{B5DA6256-C193-4EC7-BA91-140AC8D48BAA}.Debug|x64.ActiveCfg = Debug|Any CPU
		{B5DA6256-C193-4EC7-BA91-140AC8D48BAA}.Debug|x64.Build.0 = Debug|Any CPU
		{B5DA6256-C193-4EC7-BA91-140AC8D48BAA}.Debug|x86.ActiveCfg = Debug|Any CPU
		{B5DA6256-C193-4EC7-BA91-140AC8D48BAA}.Debug|x86.Build.0 = Debug|Any CPU
		{B5DA6256-C193-4EC7-BA91-140AC8D48BAA}.Release|Any CPU.ActiveCfg = Release|Any CPU
		{B5DA6256-C193-4EC7-BA91-140AC8D48BAA}.Release|Any CPU.Build.0 = Release|Any CPU
		{B5DA6256-C193-4EC7-BA91-140AC8D48BAA}.Release|x64.ActiveCfg = Release|Any CPU
		{B5DA6256-C193-4EC7-BA91-140AC8D48BAA}.Release|x64.Build.0 = Release|Any CPU
		{B5DA6256-C193-4EC7-BA91-140AC8D48BAA}.Release|x86.ActiveCfg = Release|Any CPU
		{B5DA6256-C193-4EC7-BA91-140AC8D48BAA}.Release|x86.Build.0 = Release|Any CPU
		{F73ECA63-30C1-4BE2-9B9D-9CA1E1115CD6}.Debug|Any CPU.ActiveCfg = Debug|Any CPU
		{F73ECA63-30C1-4BE2-9B9D-9CA1E1115CD6}.Debug|Any CPU.Build.0 = Debug|Any CPU
		{F73ECA63-30C1-4BE2-9B9D-9CA1E1115CD6}.Debug|x64.ActiveCfg = Debug|Any CPU
		{F73ECA63-30C1-4BE2-9B9D-9CA1E1115CD6}.Debug|x64.Build.0 = Debug|Any CPU
		{F73ECA63-30C1-4BE2-9B9D-9CA1E1115CD6}.Debug|x86.ActiveCfg = Debug|Any CPU
		{F73ECA63-30C1-4BE2-9B9D-9CA1E1115CD6}.Debug|x86.Build.0 = Debug|Any CPU
		{F73ECA63-30C1-4BE2-9B9D-9CA1E1115CD6}.Release|Any CPU.ActiveCfg = Release|Any CPU
		{F73ECA63-30C1-4BE2-9B9D-9CA1E1115CD6}.Release|Any CPU.Build.0 = Release|Any CPU
		{F73ECA63-30C1-4BE2-9B9D-9CA1E1115CD6}.Release|x64.ActiveCfg = Release|Any CPU
		{F73ECA63-30C1-4BE2-9B9D-9CA1E1115CD6}.Release|x64.Build.0 = Release|Any CPU
		{F73ECA63-30C1-4BE2-9B9D-9CA1E1115CD6}.Release|x86.ActiveCfg = Release|Any CPU
		{F73ECA63-30C1-4BE2-9B9D-9CA1E1115CD6}.Release|x86.Build.0 = Release|Any CPU
		{C14A9D0E-CFDD-43A9-8739-0B9B009264B0}.Debug|Any CPU.ActiveCfg = Debug|Any CPU
		{C14A9D0E-CFDD-43A9-8739-0B9B009264B0}.Debug|Any CPU.Build.0 = Debug|Any CPU
		{C14A9D0E-CFDD-43A9-8739-0B9B009264B0}.Debug|x64.ActiveCfg = Debug|Any CPU
		{C14A9D0E-CFDD-43A9-8739-0B9B009264B0}.Debug|x64.Build.0 = Debug|Any CPU
		{C14A9D0E-CFDD-43A9-8739-0B9B009264B0}.Debug|x86.ActiveCfg = Debug|Any CPU
		{C14A9D0E-CFDD-43A9-8739-0B9B009264B0}.Debug|x86.Build.0 = Debug|Any CPU
		{C14A9D0E-CFDD-43A9-8739-0B9B009264B0}.Release|Any CPU.ActiveCfg = Release|Any CPU
		{C14A9D0E-CFDD-43A9-8739-0B9B009264B0}.Release|Any CPU.Build.0 = Release|Any CPU
		{C14A9D0E-CFDD-43A9-8739-0B9B009264B0}.Release|x64.ActiveCfg = Release|Any CPU
		{C14A9D0E-CFDD-43A9-8739-0B9B009264B0}.Release|x64.Build.0 = Release|Any CPU
		{C14A9D0E-CFDD-43A9-8739-0B9B009264B0}.Release|x86.ActiveCfg = Release|Any CPU
		{C14A9D0E-CFDD-43A9-8739-0B9B009264B0}.Release|x86.Build.0 = Release|Any CPU
		{913EBE31-2D19-48F3-8476-C717C842CBBB}.Debug|Any CPU.ActiveCfg = Debug|Any CPU
		{913EBE31-2D19-48F3-8476-C717C842CBBB}.Debug|Any CPU.Build.0 = Debug|Any CPU
		{913EBE31-2D19-48F3-8476-C717C842CBBB}.Debug|x64.ActiveCfg = Debug|Any CPU
		{913EBE31-2D19-48F3-8476-C717C842CBBB}.Debug|x64.Build.0 = Debug|Any CPU
		{913EBE31-2D19-48F3-8476-C717C842CBBB}.Debug|x86.ActiveCfg = Debug|Any CPU
		{913EBE31-2D19-48F3-8476-C717C842CBBB}.Debug|x86.Build.0 = Debug|Any CPU
		{913EBE31-2D19-48F3-8476-C717C842CBBB}.Release|Any CPU.ActiveCfg = Release|Any CPU
		{913EBE31-2D19-48F3-8476-C717C842CBBB}.Release|Any CPU.Build.0 = Release|Any CPU
		{913EBE31-2D19-48F3-8476-C717C842CBBB}.Release|x64.ActiveCfg = Release|Any CPU
		{913EBE31-2D19-48F3-8476-C717C842CBBB}.Release|x64.Build.0 = Release|Any CPU
		{913EBE31-2D19-48F3-8476-C717C842CBBB}.Release|x86.ActiveCfg = Release|Any CPU
		{913EBE31-2D19-48F3-8476-C717C842CBBB}.Release|x86.Build.0 = Release|Any CPU
		{EEA1A516-C4C1-47AC-8DCE-DB6C601FB2AD}.Debug|Any CPU.ActiveCfg = Debug|Any CPU
		{EEA1A516-C4C1-47AC-8DCE-DB6C601FB2AD}.Debug|Any CPU.Build.0 = Debug|Any CPU
		{EEA1A516-C4C1-47AC-8DCE-DB6C601FB2AD}.Debug|x64.ActiveCfg = Debug|Any CPU
		{EEA1A516-C4C1-47AC-8DCE-DB6C601FB2AD}.Debug|x64.Build.0 = Debug|Any CPU
		{EEA1A516-C4C1-47AC-8DCE-DB6C601FB2AD}.Debug|x86.ActiveCfg = Debug|Any CPU
		{EEA1A516-C4C1-47AC-8DCE-DB6C601FB2AD}.Debug|x86.Build.0 = Debug|Any CPU
		{EEA1A516-C4C1-47AC-8DCE-DB6C601FB2AD}.Release|Any CPU.ActiveCfg = Release|Any CPU
		{EEA1A516-C4C1-47AC-8DCE-DB6C601FB2AD}.Release|Any CPU.Build.0 = Release|Any CPU
		{EEA1A516-C4C1-47AC-8DCE-DB6C601FB2AD}.Release|x64.ActiveCfg = Release|Any CPU
		{EEA1A516-C4C1-47AC-8DCE-DB6C601FB2AD}.Release|x64.Build.0 = Release|Any CPU
		{EEA1A516-C4C1-47AC-8DCE-DB6C601FB2AD}.Release|x86.ActiveCfg = Release|Any CPU
		{EEA1A516-C4C1-47AC-8DCE-DB6C601FB2AD}.Release|x86.Build.0 = Release|Any CPU
		{06344C74-378A-4A9D-B91D-3F5F2426AE45}.Debug|Any CPU.ActiveCfg = Debug|Any CPU
		{06344C74-378A-4A9D-B91D-3F5F2426AE45}.Debug|Any CPU.Build.0 = Debug|Any CPU
		{06344C74-378A-4A9D-B91D-3F5F2426AE45}.Debug|x64.ActiveCfg = Debug|Any CPU
		{06344C74-378A-4A9D-B91D-3F5F2426AE45}.Debug|x64.Build.0 = Debug|Any CPU
		{06344C74-378A-4A9D-B91D-3F5F2426AE45}.Debug|x86.ActiveCfg = Debug|Any CPU
		{06344C74-378A-4A9D-B91D-3F5F2426AE45}.Debug|x86.Build.0 = Debug|Any CPU
		{06344C74-378A-4A9D-B91D-3F5F2426AE45}.Release|Any CPU.ActiveCfg = Release|Any CPU
		{06344C74-378A-4A9D-B91D-3F5F2426AE45}.Release|Any CPU.Build.0 = Release|Any CPU
		{06344C74-378A-4A9D-B91D-3F5F2426AE45}.Release|x64.ActiveCfg = Release|Any CPU
		{06344C74-378A-4A9D-B91D-3F5F2426AE45}.Release|x64.Build.0 = Release|Any CPU
		{06344C74-378A-4A9D-B91D-3F5F2426AE45}.Release|x86.ActiveCfg = Release|Any CPU
		{06344C74-378A-4A9D-B91D-3F5F2426AE45}.Release|x86.Build.0 = Release|Any CPU
		{6F7909A7-A205-44FB-AC60-F2EC098CB1AD}.Debug|Any CPU.ActiveCfg = Debug|Any CPU
		{6F7909A7-A205-44FB-AC60-F2EC098CB1AD}.Debug|Any CPU.Build.0 = Debug|Any CPU
		{6F7909A7-A205-44FB-AC60-F2EC098CB1AD}.Debug|x64.ActiveCfg = Debug|Any CPU
		{6F7909A7-A205-44FB-AC60-F2EC098CB1AD}.Debug|x64.Build.0 = Debug|Any CPU
		{6F7909A7-A205-44FB-AC60-F2EC098CB1AD}.Debug|x86.ActiveCfg = Debug|Any CPU
		{6F7909A7-A205-44FB-AC60-F2EC098CB1AD}.Debug|x86.Build.0 = Debug|Any CPU
		{6F7909A7-A205-44FB-AC60-F2EC098CB1AD}.Release|Any CPU.ActiveCfg = Release|Any CPU
		{6F7909A7-A205-44FB-AC60-F2EC098CB1AD}.Release|Any CPU.Build.0 = Release|Any CPU
		{6F7909A7-A205-44FB-AC60-F2EC098CB1AD}.Release|x64.ActiveCfg = Release|Any CPU
		{6F7909A7-A205-44FB-AC60-F2EC098CB1AD}.Release|x64.Build.0 = Release|Any CPU
		{6F7909A7-A205-44FB-AC60-F2EC098CB1AD}.Release|x86.ActiveCfg = Release|Any CPU
		{6F7909A7-A205-44FB-AC60-F2EC098CB1AD}.Release|x86.Build.0 = Release|Any CPU
	EndGlobalSection
	GlobalSection(SolutionProperties) = preSolution
		HideSolutionNode = FALSE
	EndGlobalSection
	GlobalSection(NestedProjects) = preSolution
		{A5A3C2D0-3972-495C-9309-54BC59E4E98A} = {F72F2C37-D91C-4D29-AAA2-9A5708E38448}
		{6B12B3C6-A1DA-4A75-8756-F6CD3D1B55BE} = {F72F2C37-D91C-4D29-AAA2-9A5708E38448}
		{AE7BA224-57AB-47A3-A522-1015D5A25C7E} = {F72F2C37-D91C-4D29-AAA2-9A5708E38448}
		{F01D73FF-9070-469A-8A8C-DA084BBF9F6E} = {F72F2C37-D91C-4D29-AAA2-9A5708E38448}
		{8EBE5F00-6E8E-48F6-8BF4-2F01FC2D65C2} = {F72F2C37-D91C-4D29-AAA2-9A5708E38448}
		{8EC7F600-7DB5-4D2E-A327-E853C69028C4} = {8EBE5F00-6E8E-48F6-8BF4-2F01FC2D65C2}
		{928D329A-6382-4170-8D43-3908195B971B} = {F72F2C37-D91C-4D29-AAA2-9A5708E38448}
		{67F50571-D589-4927-842A-AAFDF27242B4} = {928D329A-6382-4170-8D43-3908195B971B}
		{14BE7AE4-655A-4E53-8F69-E63BC995AB0A} = {F72F2C37-D91C-4D29-AAA2-9A5708E38448}
		{422D9E6D-A74E-4FF2-844E-B213EC3033A9} = {14BE7AE4-655A-4E53-8F69-E63BC995AB0A}
		{A7B78B5D-9BA9-4EE2-9E74-C38A07519F85} = {F72F2C37-D91C-4D29-AAA2-9A5708E38448}
		{0BD4FF4C-208F-4408-93F1-7C1E53084848} = {A7B78B5D-9BA9-4EE2-9E74-C38A07519F85}
		{6E8981D9-4183-4817-8956-41C6C4214940} = {A7B78B5D-9BA9-4EE2-9E74-C38A07519F85}
		{3C6DC8C4-FBC5-47A2-BCB3-374A3642DFC1} = {928D329A-6382-4170-8D43-3908195B971B}
		{D6C810E4-3496-4C1A-B828-DCC30C7ED739} = {14BE7AE4-655A-4E53-8F69-E63BC995AB0A}
		{F9C63F52-8B28-4135-935F-A001605E446F} = {928D329A-6382-4170-8D43-3908195B971B}
		{291B8DDF-5424-418E-9752-04628A2816B0} = {A7B78B5D-9BA9-4EE2-9E74-C38A07519F85}
		{B5DA6256-C193-4EC7-BA91-140AC8D48BAA} = {8EBE5F00-6E8E-48F6-8BF4-2F01FC2D65C2}
		{F73ECA63-30C1-4BE2-9B9D-9CA1E1115CD6} = {14BE7AE4-655A-4E53-8F69-E63BC995AB0A}
		{C14A9D0E-CFDD-43A9-8739-0B9B009264B0} = {A7B78B5D-9BA9-4EE2-9E74-C38A07519F85}
		{913EBE31-2D19-48F3-8476-C717C842CBBB} = {928D329A-6382-4170-8D43-3908195B971B}
		{EEA1A516-C4C1-47AC-8DCE-DB6C601FB2AD} = {F72F2C37-D91C-4D29-AAA2-9A5708E38448}
		{06344C74-378A-4A9D-B91D-3F5F2426AE45} = {F72F2C37-D91C-4D29-AAA2-9A5708E38448}
		{6F7909A7-A205-44FB-AC60-F2EC098CB1AD} = {A7B78B5D-9BA9-4EE2-9E74-C38A07519F85}
	EndGlobalSection
	GlobalSection(ExtensibilityGlobals) = postSolution
		SolutionGuid = {78652BA4-601C-4F05-8845-C223CA69835A}
	EndGlobalSection
EndGlobal
